PackratFormat: 1.4
PackratVersion: 0.4.7.1
RVersion: 3.3.0
Repos: BioCsoft=https://bioconductor.org/packages/3.3/bioc,
    BioCann=https://bioconductor.org/packages/3.3/data/annotation,
    BioCexp=https://bioconductor.org/packages/3.3/data/experiment,
    BioCextra=https://bioconductor.org/packages/3.3/extra,
    CRAN=https://cran.rstudio.com/

Package: BH
Source: CRAN
Version: 1.60.0-2
Hash: be2967bcff307e561d9ba17faf03205c

Package: DBI
Source: CRAN
Version: 0.5
Hash: b4baa1938fb20e76519e8aa253fe60a6

Package: DT
Source: CRAN
Version: 0.2
Hash: 36b032203797956fedad5a25055016a9
Requires: htmltools, htmlwidgets, magrittr

Package: MASS
Source: CRAN
Version: 7.3-45
Hash: 0650d5701aa7e369e77c9e2c8e1dc913

Package: Matrix
Source: CRAN
Version: 1.2-6
Hash: 6d5b4689f994e2af7e9cc11324c5cbeb
Requires: lattice

Package: R6
Source: CRAN
Version: 2.1.2
Hash: c515e41c73294952cbb33ee1c1be5a2d

Package: RColorBrewer
Source: CRAN
Version: 1.1-2
Hash: c0d56cd15034f395874c870141870c25

Package: RJSONIO
Source: CRAN
Version: 1.3-0
Hash: fb672e20eb6f3010a3639f855d8ef6de

Package: Rcpp
Source: CRAN
Version: 0.12.6
Hash: 79f89fabd832de0a2e60aa05d9027f32

Package: assertthat
Source: CRAN
Version: 0.1
Hash: 0afb92b59b02593c70ff8046700ba9d3

Package: biom
Source: github
Version: 0.4.0
Hash: 0d8490ca82e3f55859125c3bfd360308
Requires: Matrix, RJSONIO, plyr, rhdf5
GithubRepo: biom
GithubUsername: joey711
GithubRef: master
GithubSha1: d37425bee2c61189e6cfe24ff2c7e629966000de

Package: brew
Source: CRAN
Version: 1.0-6
Hash: 931f9972deae0f205e1c78a51f33149b

Package: cluster
Source: CRAN
Version: 2.0.4
Hash: 320a1aa7004a469e2e484780b7748eb3

Package: colorspace
Source: CRAN
Version: 1.2-6
Hash: 00bb12245cd975c450cc4a960884fa15

Package: dichromat
Source: CRAN
Version: 2.0-0
Hash: 08eed0c80510af29bb15f840ccfe37ce

Package: digest
Source: CRAN
Version: 0.6.10
Hash: 87165608ca8aeb0958835c3c5b52b6b7

Package: dplyr
Source: CRAN
Version: 0.5.0
Hash: e34869d6b47a9b9579c2e98c20aa7609
Requires: BH, DBI, R6, Rcpp, assertthat, lazyeval, magrittr, tibble

Package: ggplot2
Source: CRAN
Version: 2.1.0
Hash: 50e297b0191179c39c7dcae0eff72b51
Requires: MASS, digest, gtable, plyr, reshape2, scales

Package: gtable
Source: CRAN
Version: 0.2.0
Hash: cd78381a9d3fea966ac39bd0daaf5554

Package: htmltools
Source: CRAN
Version: 0.3.5
Hash: f81546c00234653ca3a7dcd0b7e1a757
Requires: Rcpp, digest

Package: htmlwidgets
Source: CRAN
Version: 0.7
Hash: f60506850a2d752dff69fc2a31c5a339
Requires: htmltools, jsonlite, yaml

Package: httpuv
Source: CRAN
Version: 1.3.3
Hash: fbb5e8447f797c5148046b1ce999d000
Requires: Rcpp

Package: jsonlite
Source: CRAN
Version: 1.0
Hash: f32817e181c39ede83fdd3e699348b69

Package: labeling
Source: CRAN
Version: 0.3
Hash: ecf589b42cd284b03a4beb9665482d3e

Package: lattice
Source: CRAN
Version: 0.20-33
Hash: d7158cf4e63e8c12cb227738076b37d8

Package: lazyeval
Source: CRAN
Version: 0.2.0
Hash: 3d6e7608e65bbf5cb170dab1e3c9ed8b

Package: magrittr
Source: CRAN
Version: 1.5
Hash: bdc4d48c3135e8f3b399536ddf160df4

Package: mgcv
Source: CRAN
Version: 1.8-13
Hash: bdd123d9227ed9b5a6a5b1aaa82c1501
Requires: Matrix, nlme

Package: mime
Source: CRAN
Version: 0.5
Hash: 463550cf44fb6f0a2359368f42eebe62

Package: miniUI
Source: CRAN
Version: 0.1.1
Hash: e85626581f80b1fe6c92a96ec348efc5
Requires: htmltools, shiny

Package: munsell
Source: CRAN
Version: 0.4.3
Hash: f96d896947fcaf9b6d0074002e9f4f9d
Requires: colorspace

Package: nlme
Source: CRAN
Version: 3.1-128
Hash: 72d50aad85f45456d60ded8ee47a8454
Requires: lattice

Package: packrat
Source: CRAN
Version: 0.4.7-1
Hash: 16ca16d36eb18d1d16113606ecc5c400

Package: permute
Source: CRAN
Version: 0.9-0
Hash: 9755b9b756b0041f3107e86bd00e9cb2

Package: plyr
Source: CRAN
Version: 1.8.4
Hash: e76f4b6b2ba5cb8309b10308cea03967
Requires: Rcpp

Package: reshape2
Source: CRAN
Version: 1.4.1
Hash: 55a31e20f8a216855e138ca83756a4b0
Requires: Rcpp, plyr, stringr

Package: rhdf5
Source: Bioconductor
Version: 2.16.0
Hash: da4fd6b23cf539370d3eeeab949e82fe
Requires: zlibbioc

Package: roxygen2
Source: CRAN
Version: 5.0.1
Hash: 3569b3fec94a6f24c9467b675d8b33f8
Requires: Rcpp, brew, digest, stringi, stringr

Package: scales
Source: CRAN
Version: 0.4.0
Hash: 99ca163a301d7c1d959424a2cccdcacd
Requires: RColorBrewer, Rcpp, dichromat, labeling, munsell, plyr

Package: shiny
Source: CRAN
Version: 0.13.2
Hash: 28d6903a44dc53bd4823fa43ccdc08e5
Requires: R6, digest, htmltools, httpuv, jsonlite, mime, xtable

Package: shinyBS
Source: CRAN
Version: 0.61
Hash: 4644935bd93e62a0b82686b26af7efc2
Requires: htmltools, shiny

Package: shinyjs
Source: CRAN
Version: 0.6
Hash: 4886de05129a9c951fc70f70f994b6f8
Requires: digest, htmltools, miniUI, shiny

Package: stringi
Source: CRAN
Version: 1.1.1
Hash: 48f2afc5dfecb65ba32a87d38b3533ff

Package: stringr
Source: CRAN
Version: 1.0.0
Hash: 2676dd5f88890910962b733b0f9540e1
Requires: magrittr, stringi

Package: tibble
Source: CRAN
Version: 1.1
Hash: 5467b4aa158b2d984538f7ffde17171c
Requires: Rcpp, assertthat, lazyeval

Package: tidyr
Source: CRAN
Version: 0.6.0
Hash: f57335fdd32a78c1eaf2317f4ed5936e
Requires: Rcpp, dplyr, lazyeval, magrittr, stringi, tibble

Package: vegan
Source: CRAN
Version: 2.4-0
Hash: bba5ea51d04faa49c57c1d41d8145781
Requires: MASS, cluster, lattice, mgcv, permute

Package: xtable
Source: CRAN
Version: 1.8-2
Hash: 7293235cfcc14cdff1ce7fd1a0212031

Package: yaml
Source: CRAN
Version: 2.1.13
Hash: 4854ccabebc225e8a7309fb4a74980de

Package: zlibbioc
Source: Bioconductor
Version: 1.18.0
Hash: c8f785fe74be1408724b5031ff23dc2d
